{
    "version": 3,
    "terraform_version": "0.11.7",
    "serial": 9,
    "lineage": "874f5b07-9457-21a3-a358-e7194efa1d76",
    "modules": [
        {
            "path": [
                "root"
            ],
            "outputs": {},
            "resources": {
                "aws_elasticsearch_domain.es": {
                    "type": "aws_elasticsearch_domain",
                    "depends_on": [],
                    "primary": {
                        "id": "arn:aws:es:us-east-1:079634347139:domain/search-bp-documents-test",
                        "attributes": {
                            "access_policies": "{\"Statement\":[{\"Action\":\"es:*\",\"Effect\":\"Allow\",\"Principal\":{\"AWS\":\"*\"},\"Resource\":\"arn:aws:es:us-east-1:079634347139:domain/search-bp-documents-test/*\"}],\"Version\":\"2012-10-17\"}",
                            "advanced_options.%": "1",
                            "advanced_options.rest.action.multi.allow_explicit_index": "true",
                            "arn": "arn:aws:es:us-east-1:079634347139:domain/search-bp-documents-test",
                            "cluster_config.#": "1",
                            "cluster_config.0.dedicated_master_count": "0",
                            "cluster_config.0.dedicated_master_enabled": "false",
                            "cluster_config.0.dedicated_master_type": "",
                            "cluster_config.0.instance_count": "1",
                            "cluster_config.0.instance_type": "t2.small.elasticsearch",
                            "cluster_config.0.zone_awareness_enabled": "false",
                            "domain_id": "079634347139/search-bp-documents-test",
                            "domain_name": "search-bp-documents-test",
                            "ebs_options.#": "1",
                            "ebs_options.0.ebs_enabled": "true",
                            "ebs_options.0.iops": "0",
                            "ebs_options.0.volume_size": "10",
                            "ebs_options.0.volume_type": "standard",
                            "elasticsearch_version": "6.2",
                            "encrypt_at_rest.#": "1",
                            "encrypt_at_rest.0.enabled": "false",
                            "encrypt_at_rest.0.kms_key_id": "",
                            "endpoint": "search-search-bp-documents-test-t6r4pipr7yaxqsiom5cedm24va.us-east-1.es.amazonaws.com",
                            "id": "arn:aws:es:us-east-1:079634347139:domain/search-bp-documents-test",
                            "kibana_endpoint": "search-search-bp-documents-test-t6r4pipr7yaxqsiom5cedm24va.us-east-1.es.amazonaws.com/_plugin/kibana/",
                            "snapshot_options.#": "1",
                            "snapshot_options.0.automated_snapshot_start_hour": "23",
                            "tags.%": "1",
                            "tags.Domain": "TestDomain"
                        },
                        "meta": {},
                        "tainted": false
                    },
                    "deposed": [],
                    "provider": "provider.aws"
                },
                "aws_iam_role.iam_for_terraform_lambda": {
                    "type": "aws_iam_role",
                    "depends_on": [],
                    "primary": {
                        "id": "app_test_lambda",
                        "attributes": {
                            "arn": "arn:aws:iam::079634347139:role/app_test_lambda",
                            "assume_role_policy": "{\"Version\":\"2012-10-17\",\"Statement\":[{\"Effect\":\"Allow\",\"Principal\":{\"Service\":\"lambda.amazonaws.com\"},\"Action\":\"sts:AssumeRole\"}]}",
                            "create_date": "2018-06-11T14:54:36Z",
                            "force_detach_policies": "false",
                            "id": "app_test_lambda",
                            "max_session_duration": "3600",
                            "name": "app_test_lambda",
                            "path": "/",
                            "unique_id": "AROAIHJA57QIEPHGAVAVW"
                        },
                        "meta": {},
                        "tainted": false
                    },
                    "deposed": [],
                    "provider": "provider.aws"
                },
                "aws_iam_role_policy_attachment.terraform_lambda_iam_policy_basic_execution": {
                    "type": "aws_iam_role_policy_attachment",
                    "depends_on": [
                        "aws_iam_role.iam_for_terraform_lambda"
                    ],
                    "primary": {
                        "id": "app_test_lambda-20180611145437074300000001",
                        "attributes": {
                            "id": "app_test_lambda-20180611145437074300000001",
                            "policy_arn": "arn:aws:iam::aws:policy/service-role/AWSLambdaBasicExecutionRole",
                            "role": "app_test_lambda"
                        },
                        "meta": {},
                        "tainted": false
                    },
                    "deposed": [],
                    "provider": "provider.aws"
                },
                "aws_lambda_function.terraform_func": {
                    "type": "aws_lambda_function",
                    "depends_on": [
                        "aws_elasticsearch_domain.es",
                        "aws_iam_role.iam_for_terraform_lambda"
                    ],
                    "primary": {
                        "id": "document-indexer-lambda-test",
                        "attributes": {
                            "arn": "arn:aws:lambda:us-east-1:079634347139:function:document-indexer-lambda-test",
                            "dead_letter_config.#": "0",
                            "description": "",
                            "environment.#": "1",
                            "environment.0.variables.%": "1",
                            "environment.0.variables.DOCUMENT_INDEX": "https://search-search-bp-documents-test-t6r4pipr7yaxqsiom5cedm24va.us-east-1.es.amazonaws.com",
                            "function_name": "document-indexer-lambda-test",
                            "handler": "com.buildit.document.DocumentIndexer::handleRequest",
                            "id": "document-indexer-lambda-test",
                            "invoke_arn": "arn:aws:apigateway:us-east-1:lambda:path/2015-03-31/functions/arn:aws:lambda:us-east-1:079634347139:function:document-indexer-lambda-test/invocations",
                            "kms_key_arn": "",
                            "last_modified": "2018-06-11T16:03:04.505+0000",
                            "memory_size": "2048",
                            "publish": "false",
                            "qualified_arn": "arn:aws:lambda:us-east-1:079634347139:function:document-indexer-lambda-test:$LATEST",
                            "reserved_concurrent_executions": "0",
                            "role": "arn:aws:iam::079634347139:role/app_test_lambda",
                            "runtime": "java8",
                            "s3_bucket": "search-bp-documents-functions",
                            "s3_key": "document-indexer-lambda-all-1.0.3.jar",
                            "source_code_hash": "MG4TzYM1DdRQ8Aihsl6RAL9x+QSzudZeOjmQPgGHg6M=",
                            "source_code_size": "89211990",
                            "tags.%": "0",
                            "timeout": "300",
                            "tracing_config.#": "1",
                            "tracing_config.0.mode": "PassThrough",
                            "version": "$LATEST",
                            "vpc_config.#": "0"
                        },
                        "meta": {},
                        "tainted": false
                    },
                    "deposed": [],
                    "provider": "provider.aws"
                },
                "aws_lambda_permission.allow_terraform_bucket": {
                    "type": "aws_lambda_permission",
                    "depends_on": [
                        "aws_lambda_function.terraform_func",
                        "aws_s3_bucket.terraform_bucket"
                    ],
                    "primary": {
                        "id": "AllowExecutionFromS3Bucket",
                        "attributes": {
                            "action": "lambda:InvokeFunction",
                            "function_name": "arn:aws:lambda:us-east-1:079634347139:function:document-indexer-lambda-test",
                            "id": "AllowExecutionFromS3Bucket",
                            "principal": "s3.amazonaws.com",
                            "qualifier": "",
                            "source_arn": "arn:aws:s3:::bp-poc-documents-test",
                            "statement_id": "AllowExecutionFromS3Bucket"
                        },
                        "meta": {},
                        "tainted": false
                    },
                    "deposed": [],
                    "provider": "provider.aws"
                },
                "aws_s3_bucket.terraform_bucket": {
                    "type": "aws_s3_bucket",
                    "depends_on": [],
                    "primary": {
                        "id": "bp-poc-documents-test",
                        "attributes": {
                            "acceleration_status": "",
                            "acl": "private",
                            "arn": "arn:aws:s3:::bp-poc-documents-test",
                            "bucket": "bp-poc-documents-test",
                            "bucket_domain_name": "bp-poc-documents-test.s3.amazonaws.com",
                            "bucket_regional_domain_name": "bp-poc-documents-test.s3.amazonaws.com",
                            "force_destroy": "false",
                            "hosted_zone_id": "Z3AQBSTGFYJSTF",
                            "id": "bp-poc-documents-test",
                            "logging.#": "0",
                            "region": "us-east-1",
                            "replication_configuration.#": "0",
                            "request_payer": "BucketOwner",
                            "server_side_encryption_configuration.#": "0",
                            "tags.%": "0",
                            "versioning.#": "1",
                            "versioning.0.enabled": "false",
                            "versioning.0.mfa_delete": "false",
                            "website.#": "0"
                        },
                        "meta": {},
                        "tainted": false
                    },
                    "deposed": [],
                    "provider": "provider.aws"
                },
                "aws_s3_bucket_notification.bucket_terraform_notification": {
                    "type": "aws_s3_bucket_notification",
                    "depends_on": [
                        "aws_lambda_function.terraform_func",
                        "aws_s3_bucket.terraform_bucket"
                    ],
                    "primary": {
                        "id": "bp-poc-documents-test",
                        "attributes": {
                            "bucket": "bp-poc-documents-test",
                            "id": "bp-poc-documents-test",
                            "lambda_function.#": "1",
                            "lambda_function.0.events.#": "1",
                            "lambda_function.0.events.3356830603": "s3:ObjectCreated:*",
                            "lambda_function.0.filter_prefix": "",
                            "lambda_function.0.filter_suffix": ".pdf",
                            "lambda_function.0.id": "tf-s3-lambda-20180611145450848000000002",
                            "lambda_function.0.lambda_function_arn": "arn:aws:lambda:us-east-1:079634347139:function:document-indexer-lambda-test",
                            "queue.#": "0",
                            "topic.#": "0"
                        },
                        "meta": {},
                        "tainted": false
                    },
                    "deposed": [],
                    "provider": "provider.aws"
                }
            },
            "depends_on": []
        }
    ]
}
