{
    "version": 3,
    "terraform_version": "0.11.7",
    "serial": 20,
    "lineage": "697193a6-3786-aa34-ded6-28be05b700ce",
    "modules": [
        {
            "path": [
                "root"
            ],
            "outputs": {},
            "resources": {
                "aws_iam_role.iam_for_terraform_lambda": {
                    "type": "aws_iam_role",
                    "depends_on": [],
                    "primary": {
                        "id": "app_dev_lambda",
                        "attributes": {
                            "arn": "arn:aws:iam::079634347139:role/app_dev_lambda",
                            "assume_role_policy": "{\"Version\":\"2012-10-17\",\"Statement\":[{\"Effect\":\"Allow\",\"Principal\":{\"Service\":\"lambda.amazonaws.com\"},\"Action\":\"sts:AssumeRole\"}]}",
                            "create_date": "2018-06-13T16:34:34Z",
                            "force_detach_policies": "false",
                            "id": "app_dev_lambda",
                            "max_session_duration": "3600",
                            "name": "app_dev_lambda",
                            "path": "/",
                            "unique_id": "AROAJR62I5HJ2IEMOH7FG"
                        },
                        "meta": {},
                        "tainted": false
                    },
                    "deposed": [],
                    "provider": "provider.aws"
                },
                "aws_iam_role_policy_attachment.terraform_lambda_iam_policy_basic_execution": {
                    "type": "aws_iam_role_policy_attachment",
                    "depends_on": [
                        "aws_iam_role.iam_for_terraform_lambda"
                    ],
                    "primary": {
                        "id": "app_dev_lambda-20180613163435540500000002",
                        "attributes": {
                            "id": "app_dev_lambda-20180613163435540500000002",
                            "policy_arn": "arn:aws:iam::aws:policy/service-role/AWSLambdaBasicExecutionRole",
                            "role": "app_dev_lambda"
                        },
                        "meta": {},
                        "tainted": false
                    },
                    "deposed": [],
                    "provider": "provider.aws"
                },
                "aws_iam_role_policy_attachment.terraform_lambda_iam_policy_s3_read_access": {
                    "type": "aws_iam_role_policy_attachment",
                    "depends_on": [
                        "aws_iam_role.iam_for_terraform_lambda"
                    ],
                    "primary": {
                        "id": "app_dev_lambda-20180613163435540500000001",
                        "attributes": {
                            "id": "app_dev_lambda-20180613163435540500000001",
                            "policy_arn": "arn:aws:iam::aws:policy/AmazonS3ReadOnlyAccess",
                            "role": "app_dev_lambda"
                        },
                        "meta": {},
                        "tainted": false
                    },
                    "deposed": [],
                    "provider": "provider.aws"
                },
                "aws_s3_bucket.terraform_bucket": {
                    "type": "aws_s3_bucket",
                    "depends_on": [],
                    "primary": {
                        "id": "bp-poc-documents-dev",
                        "attributes": {
                            "acceleration_status": "",
                            "acl": "private",
                            "arn": "arn:aws:s3:::bp-poc-documents-dev",
                            "bucket": "bp-poc-documents-dev",
                            "bucket_domain_name": "bp-poc-documents-dev.s3.amazonaws.com",
                            "bucket_regional_domain_name": "bp-poc-documents-dev.s3.amazonaws.com",
                            "force_destroy": "true",
                            "hosted_zone_id": "Z3AQBSTGFYJSTF",
                            "id": "bp-poc-documents-dev",
                            "logging.#": "0",
                            "region": "us-east-1",
                            "replication_configuration.#": "0",
                            "request_payer": "BucketOwner",
                            "server_side_encryption_configuration.#": "0",
                            "tags.%": "0",
                            "versioning.#": "1",
                            "versioning.0.enabled": "false",
                            "versioning.0.mfa_delete": "false",
                            "website.#": "0"
                        },
                        "meta": {},
                        "tainted": false
                    },
                    "deposed": [],
                    "provider": "provider.aws"
                }
            },
            "depends_on": []
        }
    ]
}
